
Microsoft Visual Studio Solution File, Format Version 12.00
# Visual Studio Version 17
VisualStudioVersion = 17.9.34723.18
MinimumVisualStudioVersion = 10.0.40219.1
Project("{FAE04EC0-301F-11D3-BF4B-00C04F79EFBC}") = "Conner Henrie C969", "Conner Henrie C969.csproj", "{B52545AE-2518-4B39-A0E9-9F04F081F084}"
EndProject
Global
	GlobalSection(SolutionConfigurationPlatforms) = preSolution
		Debug|Any CPU = Debug|Any CPU
		Release|Any CPU = Release|Any CPU
	EndGlobalSection
	GlobalSection(ProjectConfigurationPlatforms) = postSolution
		{B52545AE-2518-4B39-A0E9-9F04F081F084}.Debug|Any CPU.ActiveCfg = Debug|Any CPU
		{B52545AE-2518-4B39-A0E9-9F04F081F084}.Debug|Any CPU.Build.0 = Debug|Any CPU
		{B52545AE-2518-4B39-A0E9-9F04F081F084}.Release|Any CPU.ActiveCfg = Release|Any CPU
		{B52545AE-2518-4B39-A0E9-9F04F081F084}.Release|Any CPU.Build.0 = Release|Any CPU
	EndGlobalSection
	GlobalSection(SolutionProperties) = preSolution
		HideSolutionNode = FALSE
	EndGlobalSection
	GlobalSection(ExtensibilityGlobals) = postSolution
		SolutionGuid = {A7F1A796-0B4B-40E2-9637-A33EBE349819}
	EndGlobalSection
EndGlobal
